github.com/jamiebrynes7/docsy v0.0.0-20190924105634-ee9ccb348ef6 h1:quB2xBO0Fwqf588ubgnYwvxFN/WTBQpx7IStMKRZ7X4=
github.com/jamiebrynes7/docsy v0.0.0-20190924105634-ee9ccb348ef6/go.mod h1:7tNM/XBwkpz6Xm6Rz3lfu85UriXLvFaeYet9iTEV/CI=
github.com/jamiebrynes7/docsy v0.0.0-20190924110416-cb3c9a3938c1 h1:v0uLlRs6CsEgdpi9Y8vtQ21UIqr++Pw8A7uxrZi8pL8=
github.com/jamiebrynes7/docsy v0.0.0-20190924110416-cb3c9a3938c1/go.mod h1:7tNM/XBwkpz6Xm6Rz3lfu85UriXLvFaeYet9iTEV/CI=
github.com/jamiebrynes7/docsy v0.0.0-20190924110927-ad86fb6ef0a0 h1:Cs32uG6J4UHtcU0XCCRlQdsDoLpNtVHvfgs0I/q61t4=
github.com/jamiebrynes7/docsy v0.0.0-20190924110927-ad86fb6ef0a0/go.mod h1:7tNM/XBwkpz6Xm6Rz3lfu85UriXLvFaeYet9iTEV/CI=
github.com/jamiebrynes7/docsy v0.0.0-20190924111239-2573f021c414 h1:yEd2mVQgPagpTfWKehERpCzJYSizsbA7l4JWuOnbnKI=
github.com/jamiebrynes7/docsy v0.0.0-20190924111239-2573f021c414/go.mod h1:7tNM/XBwkpz6Xm6Rz3lfu85UriXLvFaeYet9iTEV/CI=
github.com/jessicafalk/design-hugo v0.0.0-20190923162333-ac6afa8d3df1/go.mod h1:90BYJopandRtfIXqpjijWwznra3emp1UKn/hmp8jSCI=
github.com/jessicafalk/test-hugo v0.0.0-20190923165746-92fd168a486f/go.mod h1:Z/nMXd2MK25X7hD/PBhWT4pi8+0WxsryUQTuNU+Ktno=
