github.com/bep/docuapi v1.2.3 h1:3ubDaRjiWlmkNVMwTR1x4iupIEIQ2PEzuoQFHHs7P3Q=
github.com/bep/docuapi v1.2.3/go.mod h1:76bSwLPkSp01/AdZwiBe6bV4ZWv+3lrqFYiEDc1z7zg=
github.com/jessicafalk/design-hugo v0.0.0-20190923162333-ac6afa8d3df1 h1:PEmFb0H/cRfKBC+giV6lDbfzLEEXEmjBDo/SNqYnM64=
github.com/jessicafalk/design-hugo v0.0.0-20190923162333-ac6afa8d3df1/go.mod h1:90BYJopandRtfIXqpjijWwznra3emp1UKn/hmp8jSCI=
github.com/jessicafalk/design-hugo v0.0.0-20190923170932-a6c18eb0000b/go.mod h1:90BYJopandRtfIXqpjijWwznra3emp1UKn/hmp8jSCI=
github.com/jessicafalk/design-hugo v0.0.0-20190923171714-f147f68bd11e/go.mod h1:90BYJopandRtfIXqpjijWwznra3emp1UKn/hmp8jSCI=
github.com/jessicafalk/design-hugo v0.0.0-20190923172115-de14cc3a06d5/go.mod h1:90BYJopandRtfIXqpjijWwznra3emp1UKn/hmp8jSCI=
github.com/jessicafalk/test-hugo v0.0.0-20190923160244-decaa1ab2982 h1:1Aj+hpAK33JJ1BFHqGOw2BIfCFyMtyN9gfvqQpjURWk=
github.com/jessicafalk/test-hugo v0.0.0-20190923160244-decaa1ab2982/go.mod h1:+5sA55e6EzrLWawUW1zitA7D2A2av9kEybtpafm8Zvs=
github.com/jessicafalk/test-hugo v0.0.0-20190923162640-9960156126bf/go.mod h1:+5sA55e6EzrLWawUW1zitA7D2A2av9kEybtpafm8Zvs=
github.com/jessicafalk/test-hugo v0.0.0-20190923163636-2ba853fd5441/go.mod h1:+5sA55e6EzrLWawUW1zitA7D2A2av9kEybtpafm8Zvs=
github.com/jessicafalk/test-hugo v0.0.0-20190923163828-89a8be08006e/go.mod h1:Z/nMXd2MK25X7hD/PBhWT4pi8+0WxsryUQTuNU+Ktno=
github.com/jessicafalk/test-hugo v0.0.0-20190923164351-610695084556/go.mod h1:Z/nMXd2MK25X7hD/PBhWT4pi8+0WxsryUQTuNU+Ktno=
github.com/jessicafalk/test-hugo v0.0.0-20190923165746-92fd168a486f/go.mod h1:Z/nMXd2MK25X7hD/PBhWT4pi8+0WxsryUQTuNU+Ktno=
github.com/lord/slate v2.3.1+incompatible/go.mod h1:ujwDH+XJN1hPpN4JfN8Cp65e5jk3DGf+Jz0/nbJxoUM=
